
Microsoft Visual Studio Solution File, Format Version 12.00
# Visual Studio Version 17
VisualStudioVersion = 17.5.002.0
MinimumVisualStudioVersion = 10.0.40219.1
Project("{2150E333-8FDC-42A3-9474-1A3956D46DE8}") = "Csharp", "Csharp", "{973549F1-BAEA-48C1-8141-0D8B844CA799}"
EndProject
Project("{9A19103F-16F7-4668-BE54-9A1E7A4F7556}") = "Teste", "Csharp\Teste\Teste.csproj", "{C13866B9-E21C-4A8F-B497-7778B9E31054}"
EndProject
Global
	GlobalSection(SolutionConfigurationPlatforms) = preSolution
		Debug|Any CPU = Debug|Any CPU
		Release|Any CPU = Release|Any CPU
	EndGlobalSection
	GlobalSection(ProjectConfigurationPlatforms) = postSolution
		{C13866B9-E21C-4A8F-B497-7778B9E31054}.Debug|Any CPU.ActiveCfg = Debug|Any CPU
		{C13866B9-E21C-4A8F-B497-7778B9E31054}.Debug|Any CPU.Build.0 = Debug|Any CPU
		{C13866B9-E21C-4A8F-B497-7778B9E31054}.Release|Any CPU.ActiveCfg = Release|Any CPU
		{C13866B9-E21C-4A8F-B497-7778B9E31054}.Release|Any CPU.Build.0 = Release|Any CPU
	EndGlobalSection
	GlobalSection(SolutionProperties) = preSolution
		HideSolutionNode = FALSE
	EndGlobalSection
	GlobalSection(NestedProjects) = preSolution
		{C13866B9-E21C-4A8F-B497-7778B9E31054} = {973549F1-BAEA-48C1-8141-0D8B844CA799}
	EndGlobalSection
	GlobalSection(ExtensibilityGlobals) = postSolution
		SolutionGuid = {B3FCF36B-94A8-4C8C-BF9A-BFC323AD0FAF}
	EndGlobalSection
EndGlobal
